
Microsoft Visual Studio Solution File, Format Version 12.00
# Visual Studio Version 16
VisualStudioVersion = 16.0.29418.71
MinimumVisualStudioVersion = 10.0.40219.1
Project("{FAE04EC0-301F-11D3-BF4B-00C04F79EFBC}") = "BellConfigEditor", "BellConfigEditor\BellConfigEditor.csproj", "{391C4324-D56F-4C94-9241-2582D5A293EA}"
EndProject
Global
	GlobalSection(SolutionConfigurationPlatforms) = preSolution
		Debug|Any CPU = Debug|Any CPU
		Release|Any CPU = Release|Any CPU
	EndGlobalSection
	GlobalSection(ProjectConfigurationPlatforms) = postSolution
		{391C4324-D56F-4C94-9241-2582D5A293EA}.Debug|Any CPU.ActiveCfg = Debug|Any CPU
		{391C4324-D56F-4C94-9241-2582D5A293EA}.Debug|Any CPU.Build.0 = Debug|Any CPU
		{391C4324-D56F-4C94-9241-2582D5A293EA}.Release|Any CPU.ActiveCfg = Release|Any CPU
		{391C4324-D56F-4C94-9241-2582D5A293EA}.Release|Any CPU.Build.0 = Release|Any CPU
	EndGlobalSection
	GlobalSection(SolutionProperties) = preSolution
		HideSolutionNode = FALSE
	EndGlobalSection
	GlobalSection(ExtensibilityGlobals) = postSolution
		SolutionGuid = {6DE07B58-E36C-486E-8C4F-5EF56E801885}
	EndGlobalSection
EndGlobal
